// !$*UTF8*$!
{
	archiveVersion = 1;
	classes = {
	};
	objectVersion = 56;
	objects = {

/* Begin PBXBuildFile section */
		A84D4A332A86865300A15AB1 /* MainScreenView.swift in Sources */ = {isa = PBXBuildFile; fileRef = A84D4A322A86865300A15AB1 /* MainScreenView.swift */; };
		A84D4A382A8686BB00A15AB1 /* Login.swift in Sources */ = {isa = PBXBuildFile; fileRef = A84D4A372A8686BB00A15AB1 /* Login.swift */; };
		A84D4A3C2A868AC200A15AB1 /* ImportAccountOptionScreen.swift in Sources */ = {isa = PBXBuildFile; fileRef = A84D4A3B2A868AC200A15AB1 /* ImportAccountOptionScreen.swift */; };
		A84D4A3F2A868EC700A15AB1 /* Start.swift in Sources */ = {isa = PBXBuildFile; fileRef = A84D4A3E2A868EC700A15AB1 /* Start.swift */; };
		A84D4A422A8691B000A15AB1 /* FavoriteContactService.swift in Sources */ = {isa = PBXBuildFile; fileRef = A84D4A412A8691B000A15AB1 /* FavoriteContactService.swift */; };
		A84D4A452A8692E600A15AB1 /* FavoriteContactListItem.swift in Sources */ = {isa = PBXBuildFile; fileRef = A84D4A442A8692E600A15AB1 /* FavoriteContactListItem.swift */; };
		A84D4A482A8696B900A15AB1 /* ContactService.swift in Sources */ = {isa = PBXBuildFile; fileRef = A84D4A472A8696B900A15AB1 /* ContactService.swift */; };
		A84D4A4C2A869D5A00A15AB1 /* ContactCategoryModal.swift in Sources */ = {isa = PBXBuildFile; fileRef = A84D4A4B2A869D5A00A15AB1 /* ContactCategoryModal.swift */; };
		A84D4A4E2A86A93300A15AB1 /* ChangeCategoryModal.swift in Sources */ = {isa = PBXBuildFile; fileRef = A84D4A4D2A86A93300A15AB1 /* ChangeCategoryModal.swift */; };
		A84D4A512A86B28F00A15AB1 /* ImportContacts.swift in Sources */ = {isa = PBXBuildFile; fileRef = A84D4A502A86B28F00A15AB1 /* ImportContacts.swift */; };
		A88A2E2E2A849CF700201EAF /* User.swift in Sources */ = {isa = PBXBuildFile; fileRef = A88A2E2D2A849CF700201EAF /* User.swift */; };
		A88A2E302A849D1900201EAF /* PhoneDevice.swift in Sources */ = {isa = PBXBuildFile; fileRef = A88A2E2F2A849D1900201EAF /* PhoneDevice.swift */; };
		A88A2E322A849D4700201EAF /* AddressCategory.swift in Sources */ = {isa = PBXBuildFile; fileRef = A88A2E312A849D4700201EAF /* AddressCategory.swift */; };
		A88A2E342A849D5F00201EAF /* AddressEntry.swift in Sources */ = {isa = PBXBuildFile; fileRef = A88A2E332A849D5F00201EAF /* AddressEntry.swift */; };
		A88A2E362A849D8400201EAF /* PhoneCall.swift in Sources */ = {isa = PBXBuildFile; fileRef = A88A2E352A849D8400201EAF /* PhoneCall.swift */; };
		A88A2E382A849D9D00201EAF /* PhoneCallAttendee.swift in Sources */ = {isa = PBXBuildFile; fileRef = A88A2E372A849D9D00201EAF /* PhoneCallAttendee.swift */; };
		A8BC71F62A838BE50088392C /* NarrativePhoneApp.swift in Sources */ = {isa = PBXBuildFile; fileRef = A8BC71F52A838BE50088392C /* NarrativePhoneApp.swift */; };
		A8BC71F82A838BE50088392C /* ContentView.swift in Sources */ = {isa = PBXBuildFile; fileRef = A8BC71F72A838BE50088392C /* ContentView.swift */; };
		A8BC71FA2A838BE60088392C /* Assets.xcassets in Resources */ = {isa = PBXBuildFile; fileRef = A8BC71F92A838BE60088392C /* Assets.xcassets */; };
		A8BC71FE2A838BE60088392C /* Preview Assets.xcassets in Resources */ = {isa = PBXBuildFile; fileRef = A8BC71FD2A838BE60088392C /* Preview Assets.xcassets */; };
		A8BC72082A838BE60088392C /* NarrativePhoneTests.swift in Sources */ = {isa = PBXBuildFile; fileRef = A8BC72072A838BE60088392C /* NarrativePhoneTests.swift */; };
		A8BC72122A838BE60088392C /* NarrativePhoneUITests.swift in Sources */ = {isa = PBXBuildFile; fileRef = A8BC72112A838BE60088392C /* NarrativePhoneUITests.swift */; };
		A8BC72142A838BE60088392C /* NarrativePhoneUITestsLaunchTests.swift in Sources */ = {isa = PBXBuildFile; fileRef = A8BC72132A838BE60088392C /* NarrativePhoneUITestsLaunchTests.swift */; };
		A8C891702A85245800AC2219 /* CallHistoryService.swift in Sources */ = {isa = PBXBuildFile; fileRef = A8C8916F2A85245800AC2219 /* CallHistoryService.swift */; };
		A8F9241B2A84032C0080D2C6 /* ContactList.swift in Sources */ = {isa = PBXBuildFile; fileRef = A8F9241A2A84032C0080D2C6 /* ContactList.swift */; };
		A8F924202A8403ED0080D2C6 /* Contact.swift in Sources */ = {isa = PBXBuildFile; fileRef = A8F9241F2A8403ED0080D2C6 /* Contact.swift */; };
		A8F924232A84043C0080D2C6 /* ContactDetail.swift in Sources */ = {isa = PBXBuildFile; fileRef = A8F924222A84043C0080D2C6 /* ContactDetail.swift */; };
		A8F924262A8405D50080D2C6 /* ContactListItem.swift in Sources */ = {isa = PBXBuildFile; fileRef = A8F924252A8405D50080D2C6 /* ContactListItem.swift */; };
		A8F9242B2A8406DF0080D2C6 /* AccountSettings.swift in Sources */ = {isa = PBXBuildFile; fileRef = A8F9242A2A8406DF0080D2C6 /* AccountSettings.swift */; };
		A8F9242D2A84072F0080D2C6 /* Account.swift in Sources */ = {isa = PBXBuildFile; fileRef = A8F9242C2A84072F0080D2C6 /* Account.swift */; };
		A8F924302A84079C0080D2C6 /* AccountListItem.swift in Sources */ = {isa = PBXBuildFile; fileRef = A8F9242F2A84079C0080D2C6 /* AccountListItem.swift */; };
		A8F924322A840A7A0080D2C6 /* ContactGroupHeading.swift in Sources */ = {isa = PBXBuildFile; fileRef = A8F924312A840A7A0080D2C6 /* ContactGroupHeading.swift */; };
		A8F924382A8412B40080D2C6 /* FavoriteContactList.swift in Sources */ = {isa = PBXBuildFile; fileRef = A8F924372A8412B40080D2C6 /* FavoriteContactList.swift */; };
		A8F9243E2A8414E80080D2C6 /* AccountList.swift in Sources */ = {isa = PBXBuildFile; fileRef = A8F9243D2A8414E80080D2C6 /* AccountList.swift */; };
		A8F924432A84157F0080D2C6 /* CallHistoryList.swift in Sources */ = {isa = PBXBuildFile; fileRef = A8F924422A84157F0080D2C6 /* CallHistoryList.swift */; };
		A8F924472A8415CE0080D2C6 /* Call.swift in Sources */ = {isa = PBXBuildFile; fileRef = A8F924462A8415CE0080D2C6 /* Call.swift */; };
		A8F9244A2A8415F70080D2C6 /* CallHistoryListItem.swift in Sources */ = {isa = PBXBuildFile; fileRef = A8F924492A8415F70080D2C6 /* CallHistoryListItem.swift */; };
/* End PBXBuildFile section */

/* Begin PBXContainerItemProxy section */
		A8BC72042A838BE60088392C /* PBXContainerItemProxy */ = {
			isa = PBXContainerItemProxy;
			containerPortal = A8BC71EA2A838BE50088392C /* Project object */;
			proxyType = 1;
			remoteGlobalIDString = A8BC71F12A838BE50088392C;
			remoteInfo = NarrativePhone;
		};
		A8BC720E2A838BE60088392C /* PBXContainerItemProxy */ = {
			isa = PBXContainerItemProxy;
			containerPortal = A8BC71EA2A838BE50088392C /* Project object */;
			proxyType = 1;
			remoteGlobalIDString = A8BC71F12A838BE50088392C;
			remoteInfo = NarrativePhone;
		};
/* End PBXContainerItemProxy section */

/* Begin PBXFileReference section */
		A84D4A322A86865300A15AB1 /* MainScreenView.swift */ = {isa = PBXFileReference; lastKnownFileType = sourcecode.swift; path = MainScreenView.swift; sourceTree = "<group>"; };
		A84D4A372A8686BB00A15AB1 /* Login.swift */ = {isa = PBXFileReference; lastKnownFileType = sourcecode.swift; path = Login.swift; sourceTree = "<group>"; };
		A84D4A3B2A868AC200A15AB1 /* ImportAccountOptionScreen.swift */ = {isa = PBXFileReference; lastKnownFileType = sourcecode.swift; path = ImportAccountOptionScreen.swift; sourceTree = "<group>"; };
		A84D4A3E2A868EC700A15AB1 /* Start.swift */ = {isa = PBXFileReference; lastKnownFileType = sourcecode.swift; path = Start.swift; sourceTree = "<group>"; };
		A84D4A412A8691B000A15AB1 /* FavoriteContactService.swift */ = {isa = PBXFileReference; lastKnownFileType = sourcecode.swift; path = FavoriteContactService.swift; sourceTree = "<group>"; };
		A84D4A442A8692E600A15AB1 /* FavoriteContactListItem.swift */ = {isa = PBXFileReference; lastKnownFileType = sourcecode.swift; path = FavoriteContactListItem.swift; sourceTree = "<group>"; };
		A84D4A472A8696B900A15AB1 /* ContactService.swift */ = {isa = PBXFileReference; lastKnownFileType = sourcecode.swift; path = ContactService.swift; sourceTree = "<group>"; };
		A84D4A4B2A869D5A00A15AB1 /* ContactCategoryModal.swift */ = {isa = PBXFileReference; lastKnownFileType = sourcecode.swift; path = ContactCategoryModal.swift; sourceTree = "<group>"; };
		A84D4A4D2A86A93300A15AB1 /* ChangeCategoryModal.swift */ = {isa = PBXFileReference; lastKnownFileType = sourcecode.swift; path = ChangeCategoryModal.swift; sourceTree = "<group>"; };
		A84D4A502A86B28F00A15AB1 /* ImportContacts.swift */ = {isa = PBXFileReference; lastKnownFileType = sourcecode.swift; path = ImportContacts.swift; sourceTree = "<group>"; };
		A88A2E2D2A849CF700201EAF /* User.swift */ = {isa = PBXFileReference; lastKnownFileType = sourcecode.swift; path = User.swift; sourceTree = "<group>"; };
		A88A2E2F2A849D1900201EAF /* PhoneDevice.swift */ = {isa = PBXFileReference; lastKnownFileType = sourcecode.swift; path = PhoneDevice.swift; sourceTree = "<group>"; };
		A88A2E312A849D4700201EAF /* AddressCategory.swift */ = {isa = PBXFileReference; lastKnownFileType = sourcecode.swift; path = AddressCategory.swift; sourceTree = "<group>"; };
		A88A2E332A849D5F00201EAF /* AddressEntry.swift */ = {isa = PBXFileReference; lastKnownFileType = sourcecode.swift; path = AddressEntry.swift; sourceTree = "<group>"; };
		A88A2E352A849D8400201EAF /* PhoneCall.swift */ = {isa = PBXFileReference; lastKnownFileType = sourcecode.swift; path = PhoneCall.swift; sourceTree = "<group>"; };
		A88A2E372A849D9D00201EAF /* PhoneCallAttendee.swift */ = {isa = PBXFileReference; lastKnownFileType = sourcecode.swift; path = PhoneCallAttendee.swift; sourceTree = "<group>"; };
		A8BC71F22A838BE50088392C /* NarrativePhone.app */ = {isa = PBXFileReference; explicitFileType = wrapper.application; includeInIndex = 0; path = NarrativePhone.app; sourceTree = BUILT_PRODUCTS_DIR; };
		A8BC71F52A838BE50088392C /* NarrativePhoneApp.swift */ = {isa = PBXFileReference; lastKnownFileType = sourcecode.swift; path = NarrativePhoneApp.swift; sourceTree = "<group>"; };
		A8BC71F72A838BE50088392C /* ContentView.swift */ = {isa = PBXFileReference; lastKnownFileType = sourcecode.swift; path = ContentView.swift; sourceTree = "<group>"; };
		A8BC71F92A838BE60088392C /* Assets.xcassets */ = {isa = PBXFileReference; lastKnownFileType = folder.assetcatalog; path = Assets.xcassets; sourceTree = "<group>"; };
		A8BC71FB2A838BE60088392C /* NarrativePhone.entitlements */ = {isa = PBXFileReference; lastKnownFileType = text.plist.entitlements; path = NarrativePhone.entitlements; sourceTree = "<group>"; };
		A8BC71FD2A838BE60088392C /* Preview Assets.xcassets */ = {isa = PBXFileReference; lastKnownFileType = folder.assetcatalog; path = "Preview Assets.xcassets"; sourceTree = "<group>"; };
		A8BC72032A838BE60088392C /* NarrativePhoneTests.xctest */ = {isa = PBXFileReference; explicitFileType = wrapper.cfbundle; includeInIndex = 0; path = NarrativePhoneTests.xctest; sourceTree = BUILT_PRODUCTS_DIR; };
		A8BC72072A838BE60088392C /* NarrativePhoneTests.swift */ = {isa = PBXFileReference; lastKnownFileType = sourcecode.swift; path = NarrativePhoneTests.swift; sourceTree = "<group>"; };
		A8BC720D2A838BE60088392C /* NarrativePhoneUITests.xctest */ = {isa = PBXFileReference; explicitFileType = wrapper.cfbundle; includeInIndex = 0; path = NarrativePhoneUITests.xctest; sourceTree = BUILT_PRODUCTS_DIR; };
		A8BC72112A838BE60088392C /* NarrativePhoneUITests.swift */ = {isa = PBXFileReference; lastKnownFileType = sourcecode.swift; path = NarrativePhoneUITests.swift; sourceTree = "<group>"; };
		A8BC72132A838BE60088392C /* NarrativePhoneUITestsLaunchTests.swift */ = {isa = PBXFileReference; lastKnownFileType = sourcecode.swift; path = NarrativePhoneUITestsLaunchTests.swift; sourceTree = "<group>"; };
		A8C8916F2A85245800AC2219 /* CallHistoryService.swift */ = {isa = PBXFileReference; lastKnownFileType = sourcecode.swift; path = CallHistoryService.swift; sourceTree = "<group>"; };
		A8F9241A2A84032C0080D2C6 /* ContactList.swift */ = {isa = PBXFileReference; lastKnownFileType = sourcecode.swift; path = ContactList.swift; sourceTree = "<group>"; };
		A8F9241F2A8403ED0080D2C6 /* Contact.swift */ = {isa = PBXFileReference; lastKnownFileType = sourcecode.swift; path = Contact.swift; sourceTree = "<group>"; };
		A8F924222A84043C0080D2C6 /* ContactDetail.swift */ = {isa = PBXFileReference; lastKnownFileType = sourcecode.swift; path = ContactDetail.swift; sourceTree = "<group>"; };
		A8F924252A8405D50080D2C6 /* ContactListItem.swift */ = {isa = PBXFileReference; lastKnownFileType = sourcecode.swift; path = ContactListItem.swift; sourceTree = "<group>"; };
		A8F9242A2A8406DF0080D2C6 /* AccountSettings.swift */ = {isa = PBXFileReference; lastKnownFileType = sourcecode.swift; path = AccountSettings.swift; sourceTree = "<group>"; };
		A8F9242C2A84072F0080D2C6 /* Account.swift */ = {isa = PBXFileReference; lastKnownFileType = sourcecode.swift; path = Account.swift; sourceTree = "<group>"; };
		A8F9242F2A84079C0080D2C6 /* AccountListItem.swift */ = {isa = PBXFileReference; lastKnownFileType = sourcecode.swift; path = AccountListItem.swift; sourceTree = "<group>"; };
		A8F924312A840A7A0080D2C6 /* ContactGroupHeading.swift */ = {isa = PBXFileReference; lastKnownFileType = sourcecode.swift; path = ContactGroupHeading.swift; sourceTree = "<group>"; };
		A8F924372A8412B40080D2C6 /* FavoriteContactList.swift */ = {isa = PBXFileReference; lastKnownFileType = sourcecode.swift; path = FavoriteContactList.swift; sourceTree = "<group>"; };
		A8F9243D2A8414E80080D2C6 /* AccountList.swift */ = {isa = PBXFileReference; lastKnownFileType = sourcecode.swift; path = AccountList.swift; sourceTree = "<group>"; };
		A8F924422A84157F0080D2C6 /* CallHistoryList.swift */ = {isa = PBXFileReference; lastKnownFileType = sourcecode.swift; path = CallHistoryList.swift; sourceTree = "<group>"; };
		A8F924462A8415CE0080D2C6 /* Call.swift */ = {isa = PBXFileReference; lastKnownFileType = sourcecode.swift; path = Call.swift; sourceTree = "<group>"; };
		A8F924492A8415F70080D2C6 /* CallHistoryListItem.swift */ = {isa = PBXFileReference; lastKnownFileType = sourcecode.swift; path = CallHistoryListItem.swift; sourceTree = "<group>"; };
/* End PBXFileReference section */

/* Begin PBXFrameworksBuildPhase section */
		A8BC71EF2A838BE50088392C /* Frameworks */ = {
			isa = PBXFrameworksBuildPhase;
			buildActionMask = 2147483647;
			files = (
			);
			runOnlyForDeploymentPostprocessing = 0;
		};
		A8BC72002A838BE60088392C /* Frameworks */ = {
			isa = PBXFrameworksBuildPhase;
			buildActionMask = 2147483647;
			files = (
			);
			runOnlyForDeploymentPostprocessing = 0;
		};
		A8BC720A2A838BE60088392C /* Frameworks */ = {
			isa = PBXFrameworksBuildPhase;
			buildActionMask = 2147483647;
			files = (
			);
			runOnlyForDeploymentPostprocessing = 0;
		};
/* End PBXFrameworksBuildPhase section */

/* Begin PBXGroup section */
		A84D4A302A8685F900A15AB1 /* MainScreen */ = {
			isa = PBXGroup;
			children = (
				A84D4A312A86863900A15AB1 /* UI */,
			);
			path = MainScreen;
			sourceTree = "<group>";
		};
		A84D4A312A86863900A15AB1 /* UI */ = {
			isa = PBXGroup;
			children = (
				A84D4A322A86865300A15AB1 /* MainScreenView.swift */,
			);
			path = UI;
			sourceTree = "<group>";
		};
		A84D4A342A86867F00A15AB1 /* Authentication */ = {
			isa = PBXGroup;
			children = (
				A84D4A3A2A868A4700A15AB1 /* UI */,
				A84D4A352A86868700A15AB1 /* Feature */,
			);
			path = Authentication;
			sourceTree = "<group>";
		};
		A84D4A352A86868700A15AB1 /* Feature */ = {
			isa = PBXGroup;
			children = (
				A84D4A3D2A868EA100A15AB1 /* Start */,
				A84D4A392A8688E800A15AB1 /* Register */,
				A84D4A362A86868C00A15AB1 /* Login */,
			);
			path = Feature;
			sourceTree = "<group>";
		};
		A84D4A362A86868C00A15AB1 /* Login */ = {
			isa = PBXGroup;
			children = (
				A84D4A372A8686BB00A15AB1 /* Login.swift */,
			);
			path = Login;
			sourceTree = "<group>";
		};
		A84D4A392A8688E800A15AB1 /* Register */ = {
			isa = PBXGroup;
			children = (
			);
			path = Register;
			sourceTree = "<group>";
		};
		A84D4A3A2A868A4700A15AB1 /* UI */ = {
			isa = PBXGroup;
			children = (
				A84D4A3B2A868AC200A15AB1 /* ImportAccountOptionScreen.swift */,
			);
			path = UI;
			sourceTree = "<group>";
		};
		A84D4A3D2A868EA100A15AB1 /* Start */ = {
			isa = PBXGroup;
			children = (
				A84D4A3E2A868EC700A15AB1 /* Start.swift */,
			);
			path = Start;
			sourceTree = "<group>";
		};
		A84D4A402A86918900A15AB1 /* DataAccess */ = {
			isa = PBXGroup;
			children = (
				A84D4A412A8691B000A15AB1 /* FavoriteContactService.swift */,
			);
			path = DataAccess;
			sourceTree = "<group>";
		};
		A84D4A432A8692C500A15AB1 /* UI */ = {
			isa = PBXGroup;
			children = (
				A84D4A442A8692E600A15AB1 /* FavoriteContactListItem.swift */,
			);
			path = UI;
			sourceTree = "<group>";
		};
		A84D4A462A8696A900A15AB1 /* DataAccess */ = {
			isa = PBXGroup;
			children = (
				A84D4A472A8696B900A15AB1 /* ContactService.swift */,
			);
			path = DataAccess;
			sourceTree = "<group>";
		};
		A84D4A4A2A869D4100A15AB1 /* Category */ = {
			isa = PBXGroup;
			children = (
				A84D4A4B2A869D5A00A15AB1 /* ContactCategoryModal.swift */,
				A84D4A4D2A86A93300A15AB1 /* ChangeCategoryModal.swift */,
			);
			path = Category;
			sourceTree = "<group>";
		};
		A84D4A4F2A86B27900A15AB1 /* Import */ = {
			isa = PBXGroup;
			children = (
				A84D4A502A86B28F00A15AB1 /* ImportContacts.swift */,
			);
			path = Import;
			sourceTree = "<group>";
		};
		A8BC71E92A838BE50088392C = {
			isa = PBXGroup;
			children = (
				A8BC71F42A838BE50088392C /* NarrativePhone */,
				A8BC72062A838BE60088392C /* NarrativePhoneTests */,
				A8BC72102A838BE60088392C /* NarrativePhoneUITests */,
				A8BC71F32A838BE50088392C /* Products */,
			);
			sourceTree = "<group>";
		};
		A8BC71F32A838BE50088392C /* Products */ = {
			isa = PBXGroup;
			children = (
				A8BC71F22A838BE50088392C /* NarrativePhone.app */,
				A8BC72032A838BE60088392C /* NarrativePhoneTests.xctest */,
				A8BC720D2A838BE60088392C /* NarrativePhoneUITests.xctest */,
			);
			name = Products;
			sourceTree = "<group>";
		};
		A8BC71F42A838BE50088392C /* NarrativePhone */ = {
			isa = PBXGroup;
			children = (
				A84D4A342A86867F00A15AB1 /* Authentication */,
				A84D4A302A8685F900A15AB1 /* MainScreen */,
				A8F9243F2A84155C0080D2C6 /* CallHistory */,
				A8F9243A2A8414A90080D2C6 /* AccountSwitcher */,
				A8F924342A8412820080D2C6 /* FavoriteContact */,
				A8F924272A8406B10080D2C6 /* Settings */,
				A8F9241D2A8403D80080D2C6 /* Shared */,
				A8D1C3D92A83909500EE66D5 /* Contact */,
				A8BC71F52A838BE50088392C /* NarrativePhoneApp.swift */,
				A8BC71F72A838BE50088392C /* ContentView.swift */,
				A8BC71F92A838BE60088392C /* Assets.xcassets */,
				A8BC71FB2A838BE60088392C /* NarrativePhone.entitlements */,
				A8BC71FC2A838BE60088392C /* Preview Content */,
			);
			path = NarrativePhone;
			sourceTree = "<group>";
		};
		A8BC71FC2A838BE60088392C /* Preview Content */ = {
			isa = PBXGroup;
			children = (
				A8BC71FD2A838BE60088392C /* Preview Assets.xcassets */,
			);
			path = "Preview Content";
			sourceTree = "<group>";
		};
		A8BC72062A838BE60088392C /* NarrativePhoneTests */ = {
			isa = PBXGroup;
			children = (
				A8BC72072A838BE60088392C /* NarrativePhoneTests.swift */,
			);
			path = NarrativePhoneTests;
			sourceTree = "<group>";
		};
		A8BC72102A838BE60088392C /* NarrativePhoneUITests */ = {
			isa = PBXGroup;
			children = (
				A8BC72112A838BE60088392C /* NarrativePhoneUITests.swift */,
				A8BC72132A838BE60088392C /* NarrativePhoneUITestsLaunchTests.swift */,
			);
			path = NarrativePhoneUITests;
			sourceTree = "<group>";
		};
		A8D1C3D92A83909500EE66D5 /* Contact */ = {
			isa = PBXGroup;
			children = (
				A84D4A462A8696A900A15AB1 /* DataAccess */,
				A8F924242A8405C60080D2C6 /* UI */,
				A8F924182A84030A0080D2C6 /* Feature */,
			);
			path = Contact;
			sourceTree = "<group>";
		};
		A8F924182A84030A0080D2C6 /* Feature */ = {
			isa = PBXGroup;
			children = (
				A84D4A4F2A86B27900A15AB1 /* Import */,
				A84D4A4A2A869D4100A15AB1 /* Category */,
				A8F924212A8404280080D2C6 /* Detail */,
				A8F924192A8403170080D2C6 /* List */,
			);
			path = Feature;
			sourceTree = "<group>";
		};
		A8F924192A8403170080D2C6 /* List */ = {
			isa = PBXGroup;
			children = (
				A8F9241A2A84032C0080D2C6 /* ContactList.swift */,
			);
			path = List;
			sourceTree = "<group>";
		};
		A8F9241D2A8403D80080D2C6 /* Shared */ = {
			isa = PBXGroup;
			children = (
				A8F924392A84138F0080D2C6 /* UI */,
				A8F9241E2A8403E00080D2C6 /* Models */,
			);
			path = Shared;
			sourceTree = "<group>";
		};
		A8F9241E2A8403E00080D2C6 /* Models */ = {
			isa = PBXGroup;
			children = (
				A8F9241F2A8403ED0080D2C6 /* Contact.swift */,
				A8F9242C2A84072F0080D2C6 /* Account.swift */,
				A88A2E372A849D9D00201EAF /* PhoneCallAttendee.swift */,
				A88A2E352A849D8400201EAF /* PhoneCall.swift */,
				A88A2E332A849D5F00201EAF /* AddressEntry.swift */,
				A88A2E2D2A849CF700201EAF /* User.swift */,
				A88A2E2F2A849D1900201EAF /* PhoneDevice.swift */,
				A88A2E312A849D4700201EAF /* AddressCategory.swift */,
			);
			path = Models;
			sourceTree = "<group>";
		};
		A8F924212A8404280080D2C6 /* Detail */ = {
			isa = PBXGroup;
			children = (
				A8F924222A84043C0080D2C6 /* ContactDetail.swift */,
			);
			path = Detail;
			sourceTree = "<group>";
		};
		A8F924242A8405C60080D2C6 /* UI */ = {
			isa = PBXGroup;
			children = (
				A8F924252A8405D50080D2C6 /* ContactListItem.swift */,
				A8F924312A840A7A0080D2C6 /* ContactGroupHeading.swift */,
			);
			path = UI;
			sourceTree = "<group>";
		};
		A8F924272A8406B10080D2C6 /* Settings */ = {
			isa = PBXGroup;
			children = (
				A8F9242E2A8407890080D2C6 /* UI */,
				A8F924282A8406B70080D2C6 /* Feature */,
			);
			path = Settings;
			sourceTree = "<group>";
		};
		A8F924282A8406B70080D2C6 /* Feature */ = {
			isa = PBXGroup;
			children = (
				A8F924332A8412310080D2C6 /* EditAccount */,
				A8F924292A8406BE0080D2C6 /* AccountSettings */,
			);
			path = Feature;
			sourceTree = "<group>";
		};
		A8F924292A8406BE0080D2C6 /* AccountSettings */ = {
			isa = PBXGroup;
			children = (
				A8F9242A2A8406DF0080D2C6 /* AccountSettings.swift */,
			);
			path = AccountSettings;
			sourceTree = "<group>";
		};
		A8F9242E2A8407890080D2C6 /* UI */ = {
			isa = PBXGroup;
			children = (
				A8F9242F2A84079C0080D2C6 /* AccountListItem.swift */,
			);
			path = UI;
			sourceTree = "<group>";
		};
		A8F924332A8412310080D2C6 /* EditAccount */ = {
			isa = PBXGroup;
			children = (
			);
			path = EditAccount;
			sourceTree = "<group>";
		};
		A8F924342A8412820080D2C6 /* FavoriteContact */ = {
			isa = PBXGroup;
			children = (
				A84D4A432A8692C500A15AB1 /* UI */,
				A84D4A402A86918900A15AB1 /* DataAccess */,
				A8F924352A8412970080D2C6 /* Feature */,
			);
			path = FavoriteContact;
			sourceTree = "<group>";
		};
		A8F924352A8412970080D2C6 /* Feature */ = {
			isa = PBXGroup;
			children = (
				A8F924362A84129C0080D2C6 /* List */,
			);
			path = Feature;
			sourceTree = "<group>";
		};
		A8F924362A84129C0080D2C6 /* List */ = {
			isa = PBXGroup;
			children = (
				A8F924372A8412B40080D2C6 /* FavoriteContactList.swift */,
			);
			path = List;
			sourceTree = "<group>";
		};
		A8F924392A84138F0080D2C6 /* UI */ = {
			isa = PBXGroup;
			children = (
			);
			path = UI;
			sourceTree = "<group>";
		};
		A8F9243A2A8414A90080D2C6 /* AccountSwitcher */ = {
			isa = PBXGroup;
			children = (
				A8F9243B2A8414C50080D2C6 /* Feature */,
			);
			path = AccountSwitcher;
			sourceTree = "<group>";
		};
		A8F9243B2A8414C50080D2C6 /* Feature */ = {
			isa = PBXGroup;
			children = (
				A8F9243C2A8414D90080D2C6 /* AccountList */,
			);
			path = Feature;
			sourceTree = "<group>";
		};
		A8F9243C2A8414D90080D2C6 /* AccountList */ = {
			isa = PBXGroup;
			children = (
				A8F9243D2A8414E80080D2C6 /* AccountList.swift */,
			);
			path = AccountList;
			sourceTree = "<group>";
		};
		A8F9243F2A84155C0080D2C6 /* CallHistory */ = {
			isa = PBXGroup;
			children = (
				A8F924482A8415E70080D2C6 /* UI */,
				A8F924442A8415BA0080D2C6 /* DataAccess */,
				A8F924402A8415650080D2C6 /* Feature */,
			);
			path = CallHistory;
			sourceTree = "<group>";
		};
		A8F924402A8415650080D2C6 /* Feature */ = {
			isa = PBXGroup;
			children = (
				A8F924412A84156D0080D2C6 /* List */,
			);
			path = Feature;
			sourceTree = "<group>";
		};
		A8F924412A84156D0080D2C6 /* List */ = {
			isa = PBXGroup;
			children = (
				A8F924422A84157F0080D2C6 /* CallHistoryList.swift */,
			);
			path = List;
			sourceTree = "<group>";
		};
		A8F924442A8415BA0080D2C6 /* DataAccess */ = {
			isa = PBXGroup;
			children = (
				A8F924452A8415C10080D2C6 /* Models */,
				A8C8916F2A85245800AC2219 /* CallHistoryService.swift */,
			);
			path = DataAccess;
			sourceTree = "<group>";
		};
		A8F924452A8415C10080D2C6 /* Models */ = {
			isa = PBXGroup;
			children = (
				A8F924462A8415CE0080D2C6 /* Call.swift */,
			);
			path = Models;
			sourceTree = "<group>";
		};
		A8F924482A8415E70080D2C6 /* UI */ = {
			isa = PBXGroup;
			children = (
				A8F924492A8415F70080D2C6 /* CallHistoryListItem.swift */,
			);
			path = UI;
			sourceTree = "<group>";
		};
/* End PBXGroup section */

/* Begin PBXNativeTarget section */
		A8BC71F12A838BE50088392C /* NarrativePhone */ = {
			isa = PBXNativeTarget;
			buildConfigurationList = A8BC72172A838BE60088392C /* Build configuration list for PBXNativeTarget "NarrativePhone" */;
			buildPhases = (
				A8BC71EE2A838BE50088392C /* Sources */,
				A8BC71EF2A838BE50088392C /* Frameworks */,
				A8BC71F02A838BE50088392C /* Resources */,
			);
			buildRules = (
			);
			dependencies = (
			);
			name = NarrativePhone;
			productName = NarrativePhone;
			productReference = A8BC71F22A838BE50088392C /* NarrativePhone.app */;
			productType = "com.apple.product-type.application";
		};
		A8BC72022A838BE60088392C /* NarrativePhoneTests */ = {
			isa = PBXNativeTarget;
			buildConfigurationList = A8BC721A2A838BE60088392C /* Build configuration list for PBXNativeTarget "NarrativePhoneTests" */;
			buildPhases = (
				A8BC71FF2A838BE60088392C /* Sources */,
				A8BC72002A838BE60088392C /* Frameworks */,
				A8BC72012A838BE60088392C /* Resources */,
			);
			buildRules = (
			);
			dependencies = (
				A8BC72052A838BE60088392C /* PBXTargetDependency */,
			);
			name = NarrativePhoneTests;
			productName = NarrativePhoneTests;
			productReference = A8BC72032A838BE60088392C /* NarrativePhoneTests.xctest */;
			productType = "com.apple.product-type.bundle.unit-test";
		};
		A8BC720C2A838BE60088392C /* NarrativePhoneUITests */ = {
			isa = PBXNativeTarget;
			buildConfigurationList = A8BC721D2A838BE60088392C /* Build configuration list for PBXNativeTarget "NarrativePhoneUITests" */;
			buildPhases = (
				A8BC72092A838BE60088392C /* Sources */,
				A8BC720A2A838BE60088392C /* Frameworks */,
				A8BC720B2A838BE60088392C /* Resources */,
			);
			buildRules = (
			);
			dependencies = (
				A8BC720F2A838BE60088392C /* PBXTargetDependency */,
			);
			name = NarrativePhoneUITests;
			productName = NarrativePhoneUITests;
			productReference = A8BC720D2A838BE60088392C /* NarrativePhoneUITests.xctest */;
			productType = "com.apple.product-type.bundle.ui-testing";
		};
/* End PBXNativeTarget section */

/* Begin PBXProject section */
		A8BC71EA2A838BE50088392C /* Project object */ = {
			isa = PBXProject;
			attributes = {
				BuildIndependentTargetsInParallel = 1;
				LastSwiftUpdateCheck = 1430;
				LastUpgradeCheck = 1430;
				TargetAttributes = {
					A8BC71F12A838BE50088392C = {
						CreatedOnToolsVersion = 14.3.1;
					};
					A8BC72022A838BE60088392C = {
						CreatedOnToolsVersion = 14.3.1;
						TestTargetID = A8BC71F12A838BE50088392C;
					};
					A8BC720C2A838BE60088392C = {
						CreatedOnToolsVersion = 14.3.1;
						TestTargetID = A8BC71F12A838BE50088392C;
					};
				};
			};
			buildConfigurationList = A8BC71ED2A838BE50088392C /* Build configuration list for PBXProject "NarrativePhone" */;
			compatibilityVersion = "Xcode 14.0";
			developmentRegion = en;
			hasScannedForEncodings = 0;
			knownRegions = (
				en,
				Base,
			);
			mainGroup = A8BC71E92A838BE50088392C;
			productRefGroup = A8BC71F32A838BE50088392C /* Products */;
			projectDirPath = "";
			projectRoot = "";
			targets = (
				A8BC71F12A838BE50088392C /* NarrativePhone */,
				A8BC72022A838BE60088392C /* NarrativePhoneTests */,
				A8BC720C2A838BE60088392C /* NarrativePhoneUITests */,
			);
		};
/* End PBXProject section */

/* Begin PBXResourcesBuildPhase section */
		A8BC71F02A838BE50088392C /* Resources */ = {
			isa = PBXResourcesBuildPhase;
			buildActionMask = 2147483647;
			files = (
				A8BC71FE2A838BE60088392C /* Preview Assets.xcassets in Resources */,
				A8BC71FA2A838BE60088392C /* Assets.xcassets in Resources */,
			);
			runOnlyForDeploymentPostprocessing = 0;
		};
		A8BC72012A838BE60088392C /* Resources */ = {
			isa = PBXResourcesBuildPhase;
			buildActionMask = 2147483647;
			files = (
			);
			runOnlyForDeploymentPostprocessing = 0;
		};
		A8BC720B2A838BE60088392C /* Resources */ = {
			isa = PBXResourcesBuildPhase;
			buildActionMask = 2147483647;
			files = (
			);
			runOnlyForDeploymentPostprocessing = 0;
		};
/* End PBXResourcesBuildPhase section */

/* Begin PBXSourcesBuildPhase section */
		A8BC71EE2A838BE50088392C /* Sources */ = {
			isa = PBXSourcesBuildPhase;
			buildActionMask = 2147483647;
			files = (
				A8F924202A8403ED0080D2C6 /* Contact.swift in Sources */,
				A8F9244A2A8415F70080D2C6 /* CallHistoryListItem.swift in Sources */,
				A88A2E302A849D1900201EAF /* PhoneDevice.swift in Sources */,
				A8F9241B2A84032C0080D2C6 /* ContactList.swift in Sources */,
				A84D4A482A8696B900A15AB1 /* ContactService.swift in Sources */,
				A84D4A3F2A868EC700A15AB1 /* Start.swift in Sources */,
				A8F924302A84079C0080D2C6 /* AccountListItem.swift in Sources */,
				A8F924322A840A7A0080D2C6 /* ContactGroupHeading.swift in Sources */,
				A88A2E322A849D4700201EAF /* AddressCategory.swift in Sources */,
				A84D4A512A86B28F00A15AB1 /* ImportContacts.swift in Sources */,
				A8BC71F82A838BE50088392C /* ContentView.swift in Sources */,
				A88A2E2E2A849CF700201EAF /* User.swift in Sources */,
				A84D4A422A8691B000A15AB1 /* FavoriteContactService.swift in Sources */,
				A8F924472A8415CE0080D2C6 /* Call.swift in Sources */,
				A8F9243E2A8414E80080D2C6 /* AccountList.swift in Sources */,
				A84D4A332A86865300A15AB1 /* MainScreenView.swift in Sources */,
				A8BC71F62A838BE50088392C /* NarrativePhoneApp.swift in Sources */,
				A88A2E342A849D5F00201EAF /* AddressEntry.swift in Sources */,
				A88A2E382A849D9D00201EAF /* PhoneCallAttendee.swift in Sources */,
				A84D4A382A8686BB00A15AB1 /* Login.swift in Sources */,
				A8F9242B2A8406DF0080D2C6 /* AccountSettings.swift in Sources */,
				A84D4A3C2A868AC200A15AB1 /* ImportAccountOptionScreen.swift in Sources */,
				A8F924432A84157F0080D2C6 /* CallHistoryList.swift in Sources */,
				A8C891702A85245800AC2219 /* CallHistoryService.swift in Sources */,
				A8F9242D2A84072F0080D2C6 /* Account.swift in Sources */,
				A84D4A4C2A869D5A00A15AB1 /* ContactCategoryModal.swift in Sources */,
				A84D4A4E2A86A93300A15AB1 /* ChangeCategoryModal.swift in Sources */,
				A8F924382A8412B40080D2C6 /* FavoriteContactList.swift in Sources */,
				A8F924232A84043C0080D2C6 /* ContactDetail.swift in Sources */,
				A88A2E362A849D8400201EAF /* PhoneCall.swift in Sources */,
				A8F924262A8405D50080D2C6 /* ContactListItem.swift in Sources */,
				A84D4A452A8692E600A15AB1 /* FavoriteContactListItem.swift in Sources */,
			);
			runOnlyForDeploymentPostprocessing = 0;
		};
		A8BC71FF2A838BE60088392C /* Sources */ = {
			isa = PBXSourcesBuildPhase;
			buildActionMask = 2147483647;
			files = (
				A8BC72082A838BE60088392C /* NarrativePhoneTests.swift in Sources */,
			);
			runOnlyForDeploymentPostprocessing = 0;
		};
		A8BC72092A838BE60088392C /* Sources */ = {
			isa = PBXSourcesBuildPhase;
			buildActionMask = 2147483647;
			files = (
				A8BC72142A838BE60088392C /* NarrativePhoneUITestsLaunchTests.swift in Sources */,
				A8BC72122A838BE60088392C /* NarrativePhoneUITests.swift in Sources */,
			);
			runOnlyForDeploymentPostprocessing = 0;
		};
/* End PBXSourcesBuildPhase section */

/* Begin PBXTargetDependency section */
		A8BC72052A838BE60088392C /* PBXTargetDependency */ = {
			isa = PBXTargetDependency;
			target = A8BC71F12A838BE50088392C /* NarrativePhone */;
			targetProxy = A8BC72042A838BE60088392C /* PBXContainerItemProxy */;
		};
		A8BC720F2A838BE60088392C /* PBXTargetDependency */ = {
			isa = PBXTargetDependency;
			target = A8BC71F12A838BE50088392C /* NarrativePhone */;
			targetProxy = A8BC720E2A838BE60088392C /* PBXContainerItemProxy */;
		};
/* End PBXTargetDependency section */

/* Begin XCBuildConfiguration section */
		A8BC72152A838BE60088392C /* Debug */ = {
			isa = XCBuildConfiguration;
			buildSettings = {
				ALWAYS_SEARCH_USER_PATHS = NO;
				CLANG_ANALYZER_NONNULL = YES;
				CLANG_ANALYZER_NUMBER_OBJECT_CONVERSION = YES_AGGRESSIVE;
				CLANG_CXX_LANGUAGE_STANDARD = "gnu++20";
				CLANG_ENABLE_MODULES = YES;
				CLANG_ENABLE_OBJC_ARC = YES;
				CLANG_ENABLE_OBJC_WEAK = YES;
				CLANG_WARN_BLOCK_CAPTURE_AUTORELEASING = YES;
				CLANG_WARN_BOOL_CONVERSION = YES;
				CLANG_WARN_COMMA = YES;
				CLANG_WARN_CONSTANT_CONVERSION = YES;
				CLANG_WARN_DEPRECATED_OBJC_IMPLEMENTATIONS = YES;
				CLANG_WARN_DIRECT_OBJC_ISA_USAGE = YES_ERROR;
				CLANG_WARN_DOCUMENTATION_COMMENTS = YES;
				CLANG_WARN_EMPTY_BODY = YES;
				CLANG_WARN_ENUM_CONVERSION = YES;
				CLANG_WARN_INFINITE_RECURSION = YES;
				CLANG_WARN_INT_CONVERSION = YES;
				CLANG_WARN_NON_LITERAL_NULL_CONVERSION = YES;
				CLANG_WARN_OBJC_IMPLICIT_RETAIN_SELF = YES;
				CLANG_WARN_OBJC_LITERAL_CONVERSION = YES;
				CLANG_WARN_OBJC_ROOT_CLASS = YES_ERROR;
				CLANG_WARN_QUOTED_INCLUDE_IN_FRAMEWORK_HEADER = YES;
				CLANG_WARN_RANGE_LOOP_ANALYSIS = YES;
				CLANG_WARN_STRICT_PROTOTYPES = YES;
				CLANG_WARN_SUSPICIOUS_MOVE = YES;
				CLANG_WARN_UNGUARDED_AVAILABILITY = YES_AGGRESSIVE;
				CLANG_WARN_UNREACHABLE_CODE = YES;
				CLANG_WARN__DUPLICATE_METHOD_MATCH = YES;
				COPY_PHASE_STRIP = NO;
				DEBUG_INFORMATION_FORMAT = dwarf;
				ENABLE_STRICT_OBJC_MSGSEND = YES;
				ENABLE_TESTABILITY = YES;
				GCC_C_LANGUAGE_STANDARD = gnu11;
				GCC_DYNAMIC_NO_PIC = NO;
				GCC_NO_COMMON_BLOCKS = YES;
				GCC_OPTIMIZATION_LEVEL = 0;
				GCC_PREPROCESSOR_DEFINITIONS = (
					"DEBUG=1",
					"$(inherited)",
				);
				GCC_WARN_64_TO_32_BIT_CONVERSION = YES;
				GCC_WARN_ABOUT_RETURN_TYPE = YES_ERROR;
				GCC_WARN_UNDECLARED_SELECTOR = YES;
				GCC_WARN_UNINITIALIZED_AUTOS = YES_AGGRESSIVE;
				GCC_WARN_UNUSED_FUNCTION = YES;
				GCC_WARN_UNUSED_VARIABLE = YES;
				MTL_ENABLE_DEBUG_INFO = INCLUDE_SOURCE;
				MTL_FAST_MATH = YES;
				ONLY_ACTIVE_ARCH = YES;
				SWIFT_ACTIVE_COMPILATION_CONDITIONS = DEBUG;
				SWIFT_OPTIMIZATION_LEVEL = "-Onone";
			};
			name = Debug;
		};
		A8BC72162A838BE60088392C /* Release */ = {
			isa = XCBuildConfiguration;
			buildSettings = {
				ALWAYS_SEARCH_USER_PATHS = NO;
				CLANG_ANALYZER_NONNULL = YES;
				CLANG_ANALYZER_NUMBER_OBJECT_CONVERSION = YES_AGGRESSIVE;
				CLANG_CXX_LANGUAGE_STANDARD = "gnu++20";
				CLANG_ENABLE_MODULES = YES;
				CLANG_ENABLE_OBJC_ARC = YES;
				CLANG_ENABLE_OBJC_WEAK = YES;
				CLANG_WARN_BLOCK_CAPTURE_AUTORELEASING = YES;
				CLANG_WARN_BOOL_CONVERSION = YES;
				CLANG_WARN_COMMA = YES;
				CLANG_WARN_CONSTANT_CONVERSION = YES;
				CLANG_WARN_DEPRECATED_OBJC_IMPLEMENTATIONS = YES;
				CLANG_WARN_DIRECT_OBJC_ISA_USAGE = YES_ERROR;
				CLANG_WARN_DOCUMENTATION_COMMENTS = YES;
				CLANG_WARN_EMPTY_BODY = YES;
				CLANG_WARN_ENUM_CONVERSION = YES;
				CLANG_WARN_INFINITE_RECURSION = YES;
				CLANG_WARN_INT_CONVERSION = YES;
				CLANG_WARN_NON_LITERAL_NULL_CONVERSION = YES;
				CLANG_WARN_OBJC_IMPLICIT_RETAIN_SELF = YES;
				CLANG_WARN_OBJC_LITERAL_CONVERSION = YES;
				CLANG_WARN_OBJC_ROOT_CLASS = YES_ERROR;
				CLANG_WARN_QUOTED_INCLUDE_IN_FRAMEWORK_HEADER = YES;
				CLANG_WARN_RANGE_LOOP_ANALYSIS = YES;
				CLANG_WARN_STRICT_PROTOTYPES = YES;
				CLANG_WARN_SUSPICIOUS_MOVE = YES;
				CLANG_WARN_UNGUARDED_AVAILABILITY = YES_AGGRESSIVE;
				CLANG_WARN_UNREACHABLE_CODE = YES;
				CLANG_WARN__DUPLICATE_METHOD_MATCH = YES;
				COPY_PHASE_STRIP = NO;
				DEBUG_INFORMATION_FORMAT = "dwarf-with-dsym";
				ENABLE_NS_ASSERTIONS = NO;
				ENABLE_STRICT_OBJC_MSGSEND = YES;
				GCC_C_LANGUAGE_STANDARD = gnu11;
				GCC_NO_COMMON_BLOCKS = YES;
				GCC_WARN_64_TO_32_BIT_CONVERSION = YES;
				GCC_WARN_ABOUT_RETURN_TYPE = YES_ERROR;
				GCC_WARN_UNDECLARED_SELECTOR = YES;
				GCC_WARN_UNINITIALIZED_AUTOS = YES_AGGRESSIVE;
				GCC_WARN_UNUSED_FUNCTION = YES;
				GCC_WARN_UNUSED_VARIABLE = YES;
				MTL_ENABLE_DEBUG_INFO = NO;
				MTL_FAST_MATH = YES;
				SWIFT_COMPILATION_MODE = wholemodule;
				SWIFT_OPTIMIZATION_LEVEL = "-O";
			};
			name = Release;
		};
		A8BC72182A838BE60088392C /* Debug */ = {
			isa = XCBuildConfiguration;
			buildSettings = {
				ASSETCATALOG_COMPILER_APPICON_NAME = AppIcon;
				ASSETCATALOG_COMPILER_GLOBAL_ACCENT_COLOR_NAME = AccentColor;
				CODE_SIGN_ENTITLEMENTS = NarrativePhone/NarrativePhone.entitlements;
				CODE_SIGN_STYLE = Manual;
				CURRENT_PROJECT_VERSION = 1;
				DEVELOPMENT_ASSET_PATHS = "\"NarrativePhone/Preview Content\"";
				DEVELOPMENT_TEAM = "";
				ENABLE_HARDENED_RUNTIME = YES;
				ENABLE_PREVIEWS = YES;
				GENERATE_INFOPLIST_FILE = YES;
				"INFOPLIST_KEY_UIApplicationSceneManifest_Generation[sdk=iphoneos*]" = YES;
				"INFOPLIST_KEY_UIApplicationSceneManifest_Generation[sdk=iphonesimulator*]" = YES;
				"INFOPLIST_KEY_UIApplicationSupportsIndirectInputEvents[sdk=iphoneos*]" = YES;
				"INFOPLIST_KEY_UIApplicationSupportsIndirectInputEvents[sdk=iphonesimulator*]" = YES;
				"INFOPLIST_KEY_UILaunchScreen_Generation[sdk=iphoneos*]" = YES;
				"INFOPLIST_KEY_UILaunchScreen_Generation[sdk=iphonesimulator*]" = YES;
				"INFOPLIST_KEY_UIStatusBarStyle[sdk=iphoneos*]" = UIStatusBarStyleDefault;
				"INFOPLIST_KEY_UIStatusBarStyle[sdk=iphonesimulator*]" = UIStatusBarStyleDefault;
				INFOPLIST_KEY_UISupportedInterfaceOrientations_iPad = "UIInterfaceOrientationPortrait UIInterfaceOrientationPortraitUpsideDown UIInterfaceOrientationLandscapeLeft UIInterfaceOrientationLandscapeRight";
				INFOPLIST_KEY_UISupportedInterfaceOrientations_iPhone = "UIInterfaceOrientationPortrait UIInterfaceOrientationLandscapeLeft UIInterfaceOrientationLandscapeRight";
				IPHONEOS_DEPLOYMENT_TARGET = 16.4;
				LD_RUNPATH_SEARCH_PATHS = "@executable_path/Frameworks";
				"LD_RUNPATH_SEARCH_PATHS[sdk=macosx*]" = "@executable_path/../Frameworks";
				MACOSX_DEPLOYMENT_TARGET = 13.3;
				MARKETING_VERSION = 1.0;
				PRODUCT_BUNDLE_IDENTIFIER = jp.co.xcf.narrativephone;
				PRODUCT_NAME = "$(TARGET_NAME)";
				PROVISIONING_PROFILE_SPECIFIER = "";
				SDKROOT = auto;
				SUPPORTED_PLATFORMS = "iphoneos iphonesimulator macosx";
				SWIFT_EMIT_LOC_STRINGS = YES;
				SWIFT_VERSION = 5.0;
				TARGETED_DEVICE_FAMILY = "1,2";
			};
			name = Debug;
		};
		A8BC72192A838BE60088392C /* Release */ = {
			isa = XCBuildConfiguration;
			buildSettings = {
				ASSETCATALOG_COMPILER_APPICON_NAME = AppIcon;
				ASSETCATALOG_COMPILER_GLOBAL_ACCENT_COLOR_NAME = AccentColor;
				CODE_SIGN_ENTITLEMENTS = NarrativePhone/NarrativePhone.entitlements;
				CODE_SIGN_STYLE = Manual;
				CURRENT_PROJECT_VERSION = 1;
				DEVELOPMENT_ASSET_PATHS = "\"NarrativePhone/Preview Content\"";
				DEVELOPMENT_TEAM = "";
				ENABLE_HARDENED_RUNTIME = YES;
				ENABLE_PREVIEWS = YES;
				GENERATE_INFOPLIST_FILE = YES;
				"INFOPLIST_KEY_UIApplicationSceneManifest_Generation[sdk=iphoneos*]" = YES;
				"INFOPLIST_KEY_UIApplicationSceneManifest_Generation[sdk=iphonesimulator*]" = YES;
				"INFOPLIST_KEY_UIApplicationSupportsIndirectInputEvents[sdk=iphoneos*]" = YES;
				"INFOPLIST_KEY_UIApplicationSupportsIndirectInputEvents[sdk=iphonesimulator*]" = YES;
				"INFOPLIST_KEY_UILaunchScreen_Generation[sdk=iphoneos*]" = YES;
				"INFOPLIST_KEY_UILaunchScreen_Generation[sdk=iphonesimulator*]" = YES;
				"INFOPLIST_KEY_UIStatusBarStyle[sdk=iphoneos*]" = UIStatusBarStyleDefault;
				"INFOPLIST_KEY_UIStatusBarStyle[sdk=iphonesimulator*]" = UIStatusBarStyleDefault;
				INFOPLIST_KEY_UISupportedInterfaceOrientations_iPad = "UIInterfaceOrientationPortrait UIInterfaceOrientationPortraitUpsideDown UIInterfaceOrientationLandscapeLeft UIInterfaceOrientationLandscapeRight";
				INFOPLIST_KEY_UISupportedInterfaceOrientations_iPhone = "UIInterfaceOrientationPortrait UIInterfaceOrientationLandscapeLeft UIInterfaceOrientationLandscapeRight";
				IPHONEOS_DEPLOYMENT_TARGET = 16.4;
				LD_RUNPATH_SEARCH_PATHS = "@executable_path/Frameworks";
				"LD_RUNPATH_SEARCH_PATHS[sdk=macosx*]" = "@executable_path/../Frameworks";
				MACOSX_DEPLOYMENT_TARGET = 13.3;
				MARKETING_VERSION = 1.0;
				PRODUCT_BUNDLE_IDENTIFIER = jp.co.xcf.narrativephone;
				PRODUCT_NAME = "$(TARGET_NAME)";
				PROVISIONING_PROFILE_SPECIFIER = "";
				SDKROOT = auto;
				SUPPORTED_PLATFORMS = "iphoneos iphonesimulator macosx";
				SWIFT_EMIT_LOC_STRINGS = YES;
				SWIFT_VERSION = 5.0;
				TARGETED_DEVICE_FAMILY = "1,2";
			};
			name = Release;
		};
		A8BC721B2A838BE60088392C /* Debug */ = {
			isa = XCBuildConfiguration;
			buildSettings = {
				ALWAYS_EMBED_SWIFT_STANDARD_LIBRARIES = YES;
				BUNDLE_LOADER = "$(TEST_HOST)";
				CODE_SIGN_STYLE = Automatic;
				CURRENT_PROJECT_VERSION = 1;
				DEVELOPMENT_TEAM = U4CWVU89RL;
				GENERATE_INFOPLIST_FILE = YES;
				IPHONEOS_DEPLOYMENT_TARGET = 16.4;
				MACOSX_DEPLOYMENT_TARGET = 13.3;
				MARKETING_VERSION = 1.0;
				PRODUCT_BUNDLE_IDENTIFIER = jp.co.xcf.narrativephone.NarrativePhoneTests;
				PRODUCT_NAME = "$(TARGET_NAME)";
				SDKROOT = auto;
				SUPPORTED_PLATFORMS = "iphoneos iphonesimulator macosx";
				SWIFT_EMIT_LOC_STRINGS = NO;
				SWIFT_VERSION = 5.0;
				TARGETED_DEVICE_FAMILY = "1,2";
				TEST_HOST = "$(BUILT_PRODUCTS_DIR)/NarrativePhone.app/$(BUNDLE_EXECUTABLE_FOLDER_PATH)/NarrativePhone";
			};
			name = Debug;
		};
		A8BC721C2A838BE60088392C /* Release */ = {
			isa = XCBuildConfiguration;
			buildSettings = {
				ALWAYS_EMBED_SWIFT_STANDARD_LIBRARIES = YES;
				BUNDLE_LOADER = "$(TEST_HOST)";
				CODE_SIGN_STYLE = Automatic;
				CURRENT_PROJECT_VERSION = 1;
				DEVELOPMENT_TEAM = U4CWVU89RL;
				GENERATE_INFOPLIST_FILE = YES;
				IPHONEOS_DEPLOYMENT_TARGET = 16.4;
				MACOSX_DEPLOYMENT_TARGET = 13.3;
				MARKETING_VERSION = 1.0;
				PRODUCT_BUNDLE_IDENTIFIER = jp.co.xcf.narrativephone.NarrativePhoneTests;
				PRODUCT_NAME = "$(TARGET_NAME)";
				SDKROOT = auto;
				SUPPORTED_PLATFORMS = "iphoneos iphonesimulator macosx";
				SWIFT_EMIT_LOC_STRINGS = NO;
				SWIFT_VERSION = 5.0;
				TARGETED_DEVICE_FAMILY = "1,2";
				TEST_HOST = "$(BUILT_PRODUCTS_DIR)/NarrativePhone.app/$(BUNDLE_EXECUTABLE_FOLDER_PATH)/NarrativePhone";
			};
			name = Release;
		};
		A8BC721E2A838BE60088392C /* Debug */ = {
			isa = XCBuildConfiguration;
			buildSettings = {
				ALWAYS_EMBED_SWIFT_STANDARD_LIBRARIES = YES;
				CODE_SIGN_STYLE = Automatic;
				CURRENT_PROJECT_VERSION = 1;
				DEVELOPMENT_TEAM = U4CWVU89RL;
				GENERATE_INFOPLIST_FILE = YES;
				IPHONEOS_DEPLOYMENT_TARGET = 16.4;
				MACOSX_DEPLOYMENT_TARGET = 13.3;
				MARKETING_VERSION = 1.0;
				PRODUCT_BUNDLE_IDENTIFIER = jp.co.xcf.narrativephone.NarrativePhoneUITests;
				PRODUCT_NAME = "$(TARGET_NAME)";
				SDKROOT = auto;
				SUPPORTED_PLATFORMS = "iphoneos iphonesimulator macosx";
				SWIFT_EMIT_LOC_STRINGS = NO;
				SWIFT_VERSION = 5.0;
				TARGETED_DEVICE_FAMILY = "1,2";
				TEST_TARGET_NAME = NarrativePhone;
			};
			name = Debug;
		};
		A8BC721F2A838BE60088392C /* Release */ = {
			isa = XCBuildConfiguration;
			buildSettings = {
				ALWAYS_EMBED_SWIFT_STANDARD_LIBRARIES = YES;
				CODE_SIGN_STYLE = Automatic;
				CURRENT_PROJECT_VERSION = 1;
				DEVELOPMENT_TEAM = U4CWVU89RL;
				GENERATE_INFOPLIST_FILE = YES;
				IPHONEOS_DEPLOYMENT_TARGET = 16.4;
				MACOSX_DEPLOYMENT_TARGET = 13.3;
				MARKETING_VERSION = 1.0;
				PRODUCT_BUNDLE_IDENTIFIER = jp.co.xcf.narrativephone.NarrativePhoneUITests;
				PRODUCT_NAME = "$(TARGET_NAME)";
				SDKROOT = auto;
				SUPPORTED_PLATFORMS = "iphoneos iphonesimulator macosx";
				SWIFT_EMIT_LOC_STRINGS = NO;
				SWIFT_VERSION = 5.0;
				TARGETED_DEVICE_FAMILY = "1,2";
				TEST_TARGET_NAME = NarrativePhone;
			};
			name = Release;
		};
/* End XCBuildConfiguration section */

/* Begin XCConfigurationList section */
		A8BC71ED2A838BE50088392C /* Build configuration list for PBXProject "NarrativePhone" */ = {
			isa = XCConfigurationList;
			buildConfigurations = (
				A8BC72152A838BE60088392C /* Debug */,
				A8BC72162A838BE60088392C /* Release */,
			);
			defaultConfigurationIsVisible = 0;
			defaultConfigurationName = Release;
		};
		A8BC72172A838BE60088392C /* Build configuration list for PBXNativeTarget "NarrativePhone" */ = {
			isa = XCConfigurationList;
			buildConfigurations = (
				A8BC72182A838BE60088392C /* Debug */,
				A8BC72192A838BE60088392C /* Release */,
			);
			defaultConfigurationIsVisible = 0;
			defaultConfigurationName = Release;
		};
		A8BC721A2A838BE60088392C /* Build configuration list for PBXNativeTarget "NarrativePhoneTests" */ = {
			isa = XCConfigurationList;
			buildConfigurations = (
				A8BC721B2A838BE60088392C /* Debug */,
				A8BC721C2A838BE60088392C /* Release */,
			);
			defaultConfigurationIsVisible = 0;
			defaultConfigurationName = Release;
		};
		A8BC721D2A838BE60088392C /* Build configuration list for PBXNativeTarget "NarrativePhoneUITests" */ = {
			isa = XCConfigurationList;
			buildConfigurations = (
				A8BC721E2A838BE60088392C /* Debug */,
				A8BC721F2A838BE60088392C /* Release */,
			);
			defaultConfigurationIsVisible = 0;
			defaultConfigurationName = Release;
		};
/* End XCConfigurationList section */
	};
	rootObject = A8BC71EA2A838BE50088392C /* Project object */;
}
